
Microsoft Visual Studio Solution File, Format Version 12.00
# Visual Studio Version 17
VisualStudioVersion = 17.8.34322.80
MinimumVisualStudioVersion = 10.0.40219.1
Project("{FAE04EC0-301F-11D3-BF4B-00C04F79EFBC}") = "WebDev-Labb2.API", "WebDev-Labb2.API\WebDev-Labb2.API.csproj", "{9F91DD7E-13A1-4FF7-ACC0-2C325F166B6C}"
EndProject
Global
	GlobalSection(SolutionConfigurationPlatforms) = preSolution
		Debug|Any CPU = Debug|Any CPU
		Release|Any CPU = Release|Any CPU
	EndGlobalSection
	GlobalSection(ProjectConfigurationPlatforms) = postSolution
		{9F91DD7E-13A1-4FF7-ACC0-2C325F166B6C}.Debug|Any CPU.ActiveCfg = Debug|Any CPU
		{9F91DD7E-13A1-4FF7-ACC0-2C325F166B6C}.Debug|Any CPU.Build.0 = Debug|Any CPU
		{9F91DD7E-13A1-4FF7-ACC0-2C325F166B6C}.Release|Any CPU.ActiveCfg = Release|Any CPU
		{9F91DD7E-13A1-4FF7-ACC0-2C325F166B6C}.Release|Any CPU.Build.0 = Release|Any CPU
	EndGlobalSection
	GlobalSection(SolutionProperties) = preSolution
		HideSolutionNode = FALSE
	EndGlobalSection
	GlobalSection(ExtensibilityGlobals) = postSolution
		SolutionGuid = {077961DB-409A-4F3C-8DCC-C6AEC510E311}
	EndGlobalSection
EndGlobal
