
Microsoft Visual Studio Solution File, Format Version 12.00
# Visual Studio Version 17
VisualStudioVersion = 17.8.34322.80
MinimumVisualStudioVersion = 10.0.40219.1
Project("{FAE04EC0-301F-11D3-BF4B-00C04F79EFBC}") = "WebDev-Labb2.API", "WebDev-Labb2.API\WebDev-Labb2.API.csproj", "{9F91DD7E-13A1-4FF7-ACC0-2C325F166B6C}"
EndProject
Project("{FAE04EC0-301F-11D3-BF4B-00C04F79EFBC}") = "WebDev-Labb2.DataAccess", "WebDev-Labb2.DataAccess\WebDev-Labb2.DataAccess.csproj", "{6BC71F63-E431-4780-9F2D-FC690725100E}"
EndProject
Project("{2150E333-8FDC-42A3-9474-1A3956D46DE8}") = "Backend", "Backend", "{E10974CE-C58B-4BD3-95B8-326C1C1BD858}"
EndProject
Project("{2150E333-8FDC-42A3-9474-1A3956D46DE8}") = "Frontend", "Frontend", "{D7FFD9D8-137D-4869-8815-9554EAA8C789}"
EndProject
Global
	GlobalSection(SolutionConfigurationPlatforms) = preSolution
		Debug|Any CPU = Debug|Any CPU
		Release|Any CPU = Release|Any CPU
	EndGlobalSection
	GlobalSection(ProjectConfigurationPlatforms) = postSolution
		{9F91DD7E-13A1-4FF7-ACC0-2C325F166B6C}.Debug|Any CPU.ActiveCfg = Debug|Any CPU
		{9F91DD7E-13A1-4FF7-ACC0-2C325F166B6C}.Debug|Any CPU.Build.0 = Debug|Any CPU
		{9F91DD7E-13A1-4FF7-ACC0-2C325F166B6C}.Release|Any CPU.ActiveCfg = Release|Any CPU
		{9F91DD7E-13A1-4FF7-ACC0-2C325F166B6C}.Release|Any CPU.Build.0 = Release|Any CPU
		{6BC71F63-E431-4780-9F2D-FC690725100E}.Debug|Any CPU.ActiveCfg = Debug|Any CPU
		{6BC71F63-E431-4780-9F2D-FC690725100E}.Debug|Any CPU.Build.0 = Debug|Any CPU
		{6BC71F63-E431-4780-9F2D-FC690725100E}.Release|Any CPU.ActiveCfg = Release|Any CPU
		{6BC71F63-E431-4780-9F2D-FC690725100E}.Release|Any CPU.Build.0 = Release|Any CPU
	EndGlobalSection
	GlobalSection(SolutionProperties) = preSolution
		HideSolutionNode = FALSE
	EndGlobalSection
	GlobalSection(NestedProjects) = preSolution
		{9F91DD7E-13A1-4FF7-ACC0-2C325F166B6C} = {E10974CE-C58B-4BD3-95B8-326C1C1BD858}
		{6BC71F63-E431-4780-9F2D-FC690725100E} = {E10974CE-C58B-4BD3-95B8-326C1C1BD858}
	EndGlobalSection
	GlobalSection(ExtensibilityGlobals) = postSolution
		SolutionGuid = {077961DB-409A-4F3C-8DCC-C6AEC510E311}
	EndGlobalSection
EndGlobal
